
Microsoft Visual Studio Solution File, Format Version 12.00
# Visual Studio Version 17
VisualStudioVersion = 17.14.37216.2 d17.14
MinimumVisualStudioVersion = 10.0.40219.1
Project("{FAE04EC0-301F-11D3-BF4B-00C04F79EFBC}") = "Online_Art_Gallery_and_Studio_Reservation_System", "Online_Art_Gallery_and_Studio_Reservation_System.csproj", "{F1CFE341-85CE-C310-885F-0E03BB8C465E}"
EndProject
Global
	GlobalSection(SolutionConfigurationPlatforms) = preSolution
		Debug|Any CPU = Debug|Any CPU
		Release|Any CPU = Release|Any CPU
	EndGlobalSection
	GlobalSection(ProjectConfigurationPlatforms) = postSolution
		{F1CFE341-85CE-C310-885F-0E03BB8C465E}.Debug|Any CPU.ActiveCfg = Debug|Any CPU
		{F1CFE341-85CE-C310-885F-0E03BB8C465E}.Debug|Any CPU.Build.0 = Debug|Any CPU
		{F1CFE341-85CE-C310-885F-0E03BB8C465E}.Release|Any CPU.ActiveCfg = Release|Any CPU
		{F1CFE341-85CE-C310-885F-0E03BB8C465E}.Release|Any CPU.Build.0 = Release|Any CPU
	EndGlobalSection
	GlobalSection(SolutionProperties) = preSolution
		HideSolutionNode = FALSE
	EndGlobalSection
	GlobalSection(ExtensibilityGlobals) = postSolution
		SolutionGuid = {147714C5-5BAE-4FBF-8826-BD78B03F02FB}
	EndGlobalSection
EndGlobal
